
Microsoft Visual Studio Solution File, Format Version 12.00
# Visual Studio 15
VisualStudioVersion = 15.0.28307.539
MinimumVisualStudioVersion = 10.0.40219.1
Project("{FAE04EC0-301F-11D3-BF4B-00C04F79EFBC}") = "OutlookAddInTestProject", "OutlookAddInTestProject\OutlookAddInTestProject.csproj", "{ADC6FDA7-8C60-4F16-9B50-2996574C8E1A}"
EndProject
Global
	GlobalSection(SolutionConfigurationPlatforms) = preSolution
		Debug|Any CPU = Debug|Any CPU
		Release|Any CPU = Release|Any CPU
	EndGlobalSection
	GlobalSection(ProjectConfigurationPlatforms) = postSolution
		{ADC6FDA7-8C60-4F16-9B50-2996574C8E1A}.Debug|Any CPU.ActiveCfg = Debug|Any CPU
		{ADC6FDA7-8C60-4F16-9B50-2996574C8E1A}.Debug|Any CPU.Build.0 = Debug|Any CPU
		{ADC6FDA7-8C60-4F16-9B50-2996574C8E1A}.Release|Any CPU.ActiveCfg = Release|Any CPU
		{ADC6FDA7-8C60-4F16-9B50-2996574C8E1A}.Release|Any CPU.Build.0 = Release|Any CPU
	EndGlobalSection
	GlobalSection(SolutionProperties) = preSolution
		HideSolutionNode = FALSE
	EndGlobalSection
	GlobalSection(ExtensibilityGlobals) = postSolution
		SolutionGuid = {8DB7EFFF-4365-4756-AA83-55992D8874CC}
	EndGlobalSection
EndGlobal
